
Microsoft Visual Studio Solution File, Format Version 12.00
# Visual Studio Version 16
VisualStudioVersion = 16.0.31613.86
MinimumVisualStudioVersion = 10.0.40219.1
Project("{FAE04EC0-301F-11D3-BF4B-00C04F79EFBC}") = "SOLID", "SOLID\SOLID.csproj", "{87E34699-6708-455C-B817-B80E1A1780BE}"
EndProject
Global
	GlobalSection(SolutionConfigurationPlatforms) = preSolution
		Debug|Any CPU = Debug|Any CPU
		Release|Any CPU = Release|Any CPU
	EndGlobalSection
	GlobalSection(ProjectConfigurationPlatforms) = postSolution
		{87E34699-6708-455C-B817-B80E1A1780BE}.Debug|Any CPU.ActiveCfg = Debug|Any CPU
		{87E34699-6708-455C-B817-B80E1A1780BE}.Debug|Any CPU.Build.0 = Debug|Any CPU
		{87E34699-6708-455C-B817-B80E1A1780BE}.Release|Any CPU.ActiveCfg = Release|Any CPU
		{87E34699-6708-455C-B817-B80E1A1780BE}.Release|Any CPU.Build.0 = Release|Any CPU
	EndGlobalSection
	GlobalSection(SolutionProperties) = preSolution
		HideSolutionNode = FALSE
	EndGlobalSection
	GlobalSection(ExtensibilityGlobals) = postSolution
		SolutionGuid = {7D656287-F55C-4F23-A640-D2EA49E4A689}
	EndGlobalSection
EndGlobal
