
Microsoft Visual Studio Solution File, Format Version 12.00
# Visual Studio Version 17
VisualStudioVersion = 17.0.31410.414
MinimumVisualStudioVersion = 10.0.40219.1
Project("{FAE04EC0-301F-11D3-BF4B-00C04F79EFBC}") = "StrategyDesignPatternExample", "StrategyDesignPatternExample\StrategyDesignPatternExample.csproj", "{39CE65D0-23AA-4E78-AF49-B20D11CD30B3}"
EndProject
Global
	GlobalSection(SolutionConfigurationPlatforms) = preSolution
		Debug|Any CPU = Debug|Any CPU
		Release|Any CPU = Release|Any CPU
	EndGlobalSection
	GlobalSection(ProjectConfigurationPlatforms) = postSolution
		{39CE65D0-23AA-4E78-AF49-B20D11CD30B3}.Debug|Any CPU.ActiveCfg = Debug|Any CPU
		{39CE65D0-23AA-4E78-AF49-B20D11CD30B3}.Debug|Any CPU.Build.0 = Debug|Any CPU
		{39CE65D0-23AA-4E78-AF49-B20D11CD30B3}.Release|Any CPU.ActiveCfg = Release|Any CPU
		{39CE65D0-23AA-4E78-AF49-B20D11CD30B3}.Release|Any CPU.Build.0 = Release|Any CPU
	EndGlobalSection
	GlobalSection(SolutionProperties) = preSolution
		HideSolutionNode = FALSE
	EndGlobalSection
	GlobalSection(ExtensibilityGlobals) = postSolution
		SolutionGuid = {A7053BBE-ADF0-4968-B618-9727D6895D0A}
	EndGlobalSection
EndGlobal
